Microsoft Visual Studio Solution File, Format Version 11.00
# Visual Studio 2008

Project("{6B74DFDB-F453-672A-AFE9-0875E3B9FDB1}") = "Gargantia_TT", "Assembly-CSharp.csproj", "{3E06DF73-BBBF-E597-7462-2C9F120B2876}"
EndProject
Project("{6B74DFDB-F453-672A-AFE9-0875E3B9FDB1}") = "Gargantia_TT", "Assembly-CSharp-Editor.csproj", "{6526C536-9EDF-8B97-FD64-831E716B6E61}"
EndProject
Global
	GlobalSection(SolutionConfigurationPlatforms) = preSolution
		Debug|Any CPU = Debug|Any CPU
		Release|Any CPU = Release|Any CPU
	EndGlobalSection
	GlobalSection(ProjectConfigurationPlatforms) = postSolution
		{3E06DF73-BBBF-E597-7462-2C9F120B2876}.Debug|Any CPU.ActiveCfg = Debug|Any CPU
		{3E06DF73-BBBF-E597-7462-2C9F120B2876}.Debug|Any CPU.Build.0 = Debug|Any CPU
		{3E06DF73-BBBF-E597-7462-2C9F120B2876}.Release|Any CPU.ActiveCfg = Release|Any CPU
		{3E06DF73-BBBF-E597-7462-2C9F120B2876}.Release|Any CPU.Build.0 = Release|Any CPU
		{6526C536-9EDF-8B97-FD64-831E716B6E61}.Debug|Any CPU.ActiveCfg = Debug|Any CPU
		{6526C536-9EDF-8B97-FD64-831E716B6E61}.Debug|Any CPU.Build.0 = Debug|Any CPU
		{6526C536-9EDF-8B97-FD64-831E716B6E61}.Release|Any CPU.ActiveCfg = Release|Any CPU
		{6526C536-9EDF-8B97-FD64-831E716B6E61}.Release|Any CPU.Build.0 = Release|Any CPU
	EndGlobalSection
	GlobalSection(SolutionProperties) = preSolution
		HideSolutionNode = FALSE
	EndGlobalSection
																																													GlobalSection(MonoDevelopProperties) = preSolution
		StartupItem = Assembly-CSharp.csproj
		Policies = $0
		$0.TextStylePolicy = $1
		$1.inheritsSet = null
		$1.scope = text/x-csharp
		$0.CSharpFormattingPolicy = $2
		$2.inheritsSet = Mono
		$2.inheritsScope = text/x-csharp
		$2.scope = text/x-csharp
		$0.TextStylePolicy = $3
		$3.FileWidth = 120
		$3.TabWidth = 4
		$3.IndentWidth = 4
		$3.EolMarker = Unix
		$3.inheritsSet = Mono
		$3.inheritsScope = text/plain
		$3.scope = text/plain
	EndGlobalSection

EndGlobal
